
Microsoft Visual Studio Solution File, Format Version 12.00
# Visual Studio Version 17
VisualStudioVersion = 17.0.31903.59
MinimumVisualStudioVersion = 10.0.40219.1
Project("{FAE04EC0-301F-11D3-BF4B-00C04F79EFBC}") = "AspNetLambdaZipWebAdapter", "src\AspNetLambdaZipWebAdapter.csproj", "{7484CB19-34BE-4ED2-BD13-9A61F8C5DB18}"
EndProject
Global
	GlobalSection(SolutionConfigurationPlatforms) = preSolution
		Debug|Any CPU = Debug|Any CPU
		Release|Any CPU = Release|Any CPU
	EndGlobalSection
	GlobalSection(SolutionProperties) = preSolution
		HideSolutionNode = FALSE
	EndGlobalSection
	GlobalSection(ProjectConfigurationPlatforms) = postSolution
		{7484CB19-34BE-4ED2-BD13-9A61F8C5DB18}.Debug|Any CPU.ActiveCfg = Debug|Any CPU
		{7484CB19-34BE-4ED2-BD13-9A61F8C5DB18}.Debug|Any CPU.Build.0 = Debug|Any CPU
		{7484CB19-34BE-4ED2-BD13-9A61F8C5DB18}.Release|Any CPU.ActiveCfg = Release|Any CPU
		{7484CB19-34BE-4ED2-BD13-9A61F8C5DB18}.Release|Any CPU.Build.0 = Release|Any CPU
	EndGlobalSection
EndGlobal
